
Microsoft Visual Studio Solution File, Format Version 12.00
# Visual Studio Version 17
VisualStudioVersion = 17.4.33103.184
MinimumVisualStudioVersion = 10.0.40219.1
Project("{9A19103F-16F7-4668-BE54-9A1E7A4F7556}") = "MiCake.Authentication.MiniProgram.WeChat", "MiCake.Authentication.MiNiProgram.WeChat\MiCake.Authentication.MiniProgram.WeChat.csproj", "{E03C3983-2C39-4A53-9DA3-4FC7228BE228}"
EndProject
Project("{9A19103F-16F7-4668-BE54-9A1E7A4F7556}") = "WeChatAuthentication.Sample", "WeChatAuthentication.Sample\WeChatAuthentication.Sample.csproj", "{5995174C-5588-4C74-80DB-935FEDF4AABD}"
EndProject
Project("{2150E333-8FDC-42A3-9474-1A3956D46DE8}") = "Solution Items", "Solution Items", "{9B6D0250-6396-4E5F-AADA-8E7C0C8D03D3}"
	ProjectSection(SolutionItems) = preProject
		.editorconfig = .editorconfig
	EndProjectSection
EndProject
Global
	GlobalSection(SolutionConfigurationPlatforms) = preSolution
		Debug|Any CPU = Debug|Any CPU
		Release|Any CPU = Release|Any CPU
	EndGlobalSection
	GlobalSection(ProjectConfigurationPlatforms) = postSolution
		{E03C3983-2C39-4A53-9DA3-4FC7228BE228}.Debug|Any CPU.ActiveCfg = Debug|Any CPU
		{E03C3983-2C39-4A53-9DA3-4FC7228BE228}.Debug|Any CPU.Build.0 = Debug|Any CPU
		{E03C3983-2C39-4A53-9DA3-4FC7228BE228}.Release|Any CPU.ActiveCfg = Release|Any CPU
		{E03C3983-2C39-4A53-9DA3-4FC7228BE228}.Release|Any CPU.Build.0 = Release|Any CPU
		{5995174C-5588-4C74-80DB-935FEDF4AABD}.Debug|Any CPU.ActiveCfg = Debug|Any CPU
		{5995174C-5588-4C74-80DB-935FEDF4AABD}.Debug|Any CPU.Build.0 = Debug|Any CPU
		{5995174C-5588-4C74-80DB-935FEDF4AABD}.Release|Any CPU.ActiveCfg = Release|Any CPU
		{5995174C-5588-4C74-80DB-935FEDF4AABD}.Release|Any CPU.Build.0 = Release|Any CPU
	EndGlobalSection
	GlobalSection(SolutionProperties) = preSolution
		HideSolutionNode = FALSE
	EndGlobalSection
	GlobalSection(ExtensibilityGlobals) = postSolution
		SolutionGuid = {C17C2BB6-262F-4082-BFCE-9EA1EB87E64F}
	EndGlobalSection
EndGlobal
